{
    "_meta": {
        "hash": {
            "sha256": "3948d8cc03406fcf3d291257e652d8176f443fc1aff7301013e2cb6a85b0808e"
        },
        "pipfile-spec": 6,
        "requires": {
            "python_version": "3.8"
        },
        "sources": [
            {
                "name": "pypi",
                "url": "https://pypi.org/simple",
                "verify_ssl": true
            }
        ]
    },
    "default": {
        "blinker": {
            "hashes": [
                "sha256:471aee25f3992bd325afa3772f1063dbdbbca947a041b8b89466dc00d606f8b6"
            ],
            "version": "==1.4"
        },
        "click": {
            "hashes": [
                "sha256:7682dc8afb30297001674575ea00d1814d808d6a36af415a82bd481d37ba7b8e",
                "sha256:bb4d8133cb15a609f44e8213d9b391b0809795062913b383c62be0ee95b1db48"
            ],
            "markers": "python_version >= '3.7'",
            "version": "==8.1.3"
        },
        "flask": {
            "hashes": [
                "sha256:1c4c257b1892aec1398784c63791cbaa43062f1f7aeb555c4da961b20ee68f55",
                "sha256:a6209ca15eb63fc9385f38e452704113d679511d9574d09b2cf9183ae7d20dc9"
            ],
            "index": "pypi",
            "version": "==2.0.1"
        },
        "flask-log-request-id": {
            "hashes": [
                "sha256:04b2ab0d7eca13a816155d16dc5e5dee6a0b285c62ec2c2330394c946ff418ce",
                "sha256:d537a1af3776308e69435ea609230f4fb7ef162fbc4bf268d7089f0b0e1851f4"
            ],
            "index": "pypi",
            "version": "==0.10.1"
        },
        "flask-login": {
            "hashes": [
                "sha256:6d33aef15b5bcead780acc339464aae8a6e28f13c90d8b1cf9de8b549d1c0b4b",
                "sha256:7451b5001e17837ba58945aead261ba425fdf7b4f0448777e597ddab39f4fba0"
            ],
            "index": "pypi",
            "version": "==0.5.0"
        },
        "flask-mail": {
            "hashes": [
                "sha256:22e5eb9a940bf407bcf30410ecc3708f3c56cc44b29c34e1726fe85006935f41"
            ],
            "index": "pypi",
            "version": "==0.9.1"
        },
        "flask-redis": {
            "hashes": [
                "sha256:8d79eef4eb1217095edab603acc52f935b983ae4b7655ee7c82c0dfd87315d17",
                "sha256:e1fccc11e7ea35c2a4d68c0b9aa58226a098e45e834d615c7b6c4928b01ddd6c"
            ],
            "index": "pypi",
            "version": "==0.4.0"
        },
        "flask-sqlalchemy": {
            "hashes": [
                "sha256:2bda44b43e7cacb15d4e05ff3cc1f8bc97936cc464623424102bfc2c35e95912",
                "sha256:f12c3d4cc5cc7fdcc148b9527ea05671718c3ea45d50c7e732cceb33f574b390"
            ],
            "index": "pypi",
            "version": "==2.5.1"
        },
        "greenlet": {
            "hashes": [
                "sha256:0051c6f1f27cb756ffc0ffbac7d2cd48cb0362ac1736871399a739b2885134d3",
                "sha256:00e44c8afdbe5467e4f7b5851be223be68adb4272f44696ee71fe46b7036a711",
                "sha256:013d61294b6cd8fe3242932c1c5e36e5d1db2c8afb58606c5a67efce62c1f5fd",
                "sha256:049fe7579230e44daef03a259faa24511d10ebfa44f69411d99e6a184fe68073",
                "sha256:14d4f3cd4e8b524ae9b8aa567858beed70c392fdec26dbdb0a8a418392e71708",
                "sha256:166eac03e48784a6a6e0e5f041cfebb1ab400b394db188c48b3a84737f505b67",
                "sha256:17ff94e7a83aa8671a25bf5b59326ec26da379ace2ebc4411d690d80a7fbcf23",
                "sha256:1e12bdc622676ce47ae9abbf455c189e442afdde8818d9da983085df6312e7a1",
                "sha256:21915eb821a6b3d9d8eefdaf57d6c345b970ad722f856cd71739493ce003ad08",
                "sha256:288c6a76705dc54fba69fbcb59904ae4ad768b4c768839b8ca5fdadec6dd8cfd",
                "sha256:2bde6792f313f4e918caabc46532aa64aa27a0db05d75b20edfc5c6f46479de2",
                "sha256:32ca72bbc673adbcfecb935bb3fb1b74e663d10a4b241aaa2f5a75fe1d1f90aa",
                "sha256:356b3576ad078c89a6107caa9c50cc14e98e3a6c4874a37c3e0273e4baf33de8",
                "sha256:40b951f601af999a8bf2ce8c71e8aaa4e8c6f78ff8afae7b808aae2dc50d4c40",
                "sha256:572e1787d1460da79590bf44304abbc0a2da944ea64ec549188fa84d89bba7ab",
                "sha256:58df5c2a0e293bf665a51f8a100d3e9956febfbf1d9aaf8c0677cf70218910c6",
                "sha256:64e6175c2e53195278d7388c454e0b30997573f3f4bd63697f88d855f7a6a1fc",
                "sha256:7227b47e73dedaa513cdebb98469705ef0d66eb5a1250144468e9c3097d6b59b",
                "sha256:7418b6bfc7fe3331541b84bb2141c9baf1ec7132a7ecd9f375912eca810e714e",
                "sha256:7cbd7574ce8e138bda9df4efc6bf2ab8572c9aff640d8ecfece1b006b68da963",
                "sha256:7ff61ff178250f9bb3cd89752df0f1dd0e27316a8bd1465351652b1b4a4cdfd3",
                "sha256:833e1551925ed51e6b44c800e71e77dacd7e49181fdc9ac9a0bf3714d515785d",
                "sha256:8639cadfda96737427330a094476d4c7a56ac03de7265622fcf4cfe57c8ae18d",
                "sha256:8c5d5b35f789a030ebb95bff352f1d27a93d81069f2adb3182d99882e095cefe",
                "sha256:8c790abda465726cfb8bb08bd4ca9a5d0a7bd77c7ac1ca1b839ad823b948ea28",
                "sha256:8d2f1fb53a421b410751887eb4ff21386d119ef9cde3797bf5e7ed49fb51a3b3",
                "sha256:903bbd302a2378f984aef528f76d4c9b1748f318fe1294961c072bdc7f2ffa3e",
                "sha256:93f81b134a165cc17123626ab8da2e30c0455441d4ab5576eed73a64c025b25c",
                "sha256:95e69877983ea39b7303570fa6760f81a3eec23d0e3ab2021b7144b94d06202d",
                "sha256:9633b3034d3d901f0a46b7939f8c4d64427dfba6bbc5a36b1a67364cf148a1b0",
                "sha256:97e5306482182170ade15c4b0d8386ded995a07d7cc2ca8f27958d34d6736497",
                "sha256:9f3cba480d3deb69f6ee2c1825060177a22c7826431458c697df88e6aeb3caee",
                "sha256:aa5b467f15e78b82257319aebc78dd2915e4c1436c3c0d1ad6f53e47ba6e2713",
                "sha256:abb7a75ed8b968f3061327c433a0fbd17b729947b400747c334a9c29a9af6c58",
                "sha256:aec52725173bd3a7b56fe91bc56eccb26fbdff1386ef123abb63c84c5b43b63a",
                "sha256:b11548073a2213d950c3f671aa88e6f83cda6e2fb97a8b6317b1b5b33d850e06",
                "sha256:b1692f7d6bc45e3200844be0dba153612103db241691088626a33ff1f24a0d88",
                "sha256:b336501a05e13b616ef81ce329c0e09ac5ed8c732d9ba7e3e983fcc1a9e86965",
                "sha256:b8c008de9d0daba7b6666aa5bbfdc23dcd78cafc33997c9b7741ff6353bafb7f",
                "sha256:b92e29e58bef6d9cfd340c72b04d74c4b4e9f70c9fa7c78b674d1fec18896dc4",
                "sha256:be5f425ff1f5f4b3c1e33ad64ab994eed12fc284a6ea71c5243fd564502ecbe5",
                "sha256:dd0b1e9e891f69e7675ba5c92e28b90eaa045f6ab134ffe70b52e948aa175b3c",
                "sha256:e30f5ea4ae2346e62cedde8794a56858a67b878dd79f7df76a0767e356b1744a",
                "sha256:e6a36bb9474218c7a5b27ae476035497a6990e21d04c279884eb10d9b290f1b1",
                "sha256:e859fcb4cbe93504ea18008d1df98dee4f7766db66c435e4882ab35cf70cac43",
                "sha256:eb6ea6da4c787111adf40f697b4e58732ee0942b5d3bd8f435277643329ba627",
                "sha256:ec8c433b3ab0419100bd45b47c9c8551248a5aee30ca5e9d399a0b57ac04651b",
                "sha256:eff9d20417ff9dcb0d25e2defc2574d10b491bf2e693b4e491914738b7908168",
                "sha256:f0214eb2a23b85528310dad848ad2ac58e735612929c8072f6093f3585fd342d",
                "sha256:f276df9830dba7a333544bd41070e8175762a7ac20350786b322b714b0e654f5",
                "sha256:f3acda1924472472ddd60c29e5b9db0cec629fbe3c5c5accb74d6d6d14773478",
                "sha256:f70a9e237bb792c7cc7e44c531fd48f5897961701cdaa06cf22fc14965c496cf",
                "sha256:f9d29ca8a77117315101425ec7ec2a47a22ccf59f5593378fc4077ac5b754fce",
                "sha256:fa877ca7f6b48054f847b61d6fa7bed5cebb663ebc55e018fda12db09dcc664c",
                "sha256:fdcec0b8399108577ec290f55551d926d9a1fa6cad45882093a7a07ac5ec147b"
            ],
            "markers": "python_version >= '2.7' and python_version not in '3.0, 3.1, 3.2, 3.3, 3.4'",
            "version": "==1.1.2"
        },
        "itsdangerous": {
            "hashes": [
                "sha256:2c2349112351b88699d8d4b6b075022c0808887cb7ad10069318a8b0bc88db44",
                "sha256:5dbbc68b317e5e42f327f9021763545dc3fc3bfe22e6deb96aaf1fc38874156a"
            ],
            "markers": "python_version >= '3.7'",
            "version": "==2.1.2"
        },
        "jinja2": {
            "hashes": [
                "sha256:077ce6014f7b40d03b47d1f1ca4b0fc8328a692bd284016f806ed0eaca390ad8",
                "sha256:611bb273cd68f3b993fabdc4064fc858c5b47a973cb5aa7999ec1ba405c87cd7"
            ],
            "index": "pypi",
            "version": "==3.0.3"
        },
        "markupsafe": {
            "hashes": [
                "sha256:0212a68688482dc52b2d45013df70d169f542b7394fc744c02a57374a4207003",
                "sha256:089cf3dbf0cd6c100f02945abeb18484bd1ee57a079aefd52cffd17fba910b88",
                "sha256:10c1bfff05d95783da83491be968e8fe789263689c02724e0c691933c52994f5",
                "sha256:33b74d289bd2f5e527beadcaa3f401e0df0a89927c1559c8566c066fa4248ab7",
                "sha256:3799351e2336dc91ea70b034983ee71cf2f9533cdff7c14c90ea126bfd95d65a",
                "sha256:3ce11ee3f23f79dbd06fb3d63e2f6af7b12db1d46932fe7bd8afa259a5996603",
                "sha256:421be9fbf0ffe9ffd7a378aafebbf6f4602d564d34be190fc19a193232fd12b1",
                "sha256:43093fb83d8343aac0b1baa75516da6092f58f41200907ef92448ecab8825135",
                "sha256:46d00d6cfecdde84d40e572d63735ef81423ad31184100411e6e3388d405e247",
                "sha256:4a33dea2b688b3190ee12bd7cfa29d39c9ed176bda40bfa11099a3ce5d3a7ac6",
                "sha256:4b9fe39a2ccc108a4accc2676e77da025ce383c108593d65cc909add5c3bd601",
                "sha256:56442863ed2b06d19c37f94d999035e15ee982988920e12a5b4ba29b62ad1f77",
                "sha256:671cd1187ed5e62818414afe79ed29da836dde67166a9fac6d435873c44fdd02",
                "sha256:694deca8d702d5db21ec83983ce0bb4b26a578e71fbdbd4fdcd387daa90e4d5e",
                "sha256:6a074d34ee7a5ce3effbc526b7083ec9731bb3cbf921bbe1d3005d4d2bdb3a63",
                "sha256:6d0072fea50feec76a4c418096652f2c3238eaa014b2f94aeb1d56a66b41403f",
                "sha256:6fbf47b5d3728c6aea2abb0589b5d30459e369baa772e0f37a0320185e87c980",
                "sha256:7f91197cc9e48f989d12e4e6fbc46495c446636dfc81b9ccf50bb0ec74b91d4b",
                "sha256:86b1f75c4e7c2ac2ccdaec2b9022845dbb81880ca318bb7a0a01fbf7813e3812",
                "sha256:8dc1c72a69aa7e082593c4a203dcf94ddb74bb5c8a731e4e1eb68d031e8498ff",
                "sha256:8e3dcf21f367459434c18e71b2a9532d96547aef8a871872a5bd69a715c15f96",
                "sha256:8e576a51ad59e4bfaac456023a78f6b5e6e7651dcd383bcc3e18d06f9b55d6d1",
                "sha256:96e37a3dc86e80bf81758c152fe66dbf60ed5eca3d26305edf01892257049925",
                "sha256:97a68e6ada378df82bc9f16b800ab77cbf4b2fada0081794318520138c088e4a",
                "sha256:99a2a507ed3ac881b975a2976d59f38c19386d128e7a9a18b7df6fff1fd4c1d6",
                "sha256:a49907dd8420c5685cfa064a1335b6754b74541bbb3706c259c02ed65b644b3e",
                "sha256:b09bf97215625a311f669476f44b8b318b075847b49316d3e28c08e41a7a573f",
                "sha256:b7bd98b796e2b6553da7225aeb61f447f80a1ca64f41d83612e6139ca5213aa4",
                "sha256:b87db4360013327109564f0e591bd2a3b318547bcef31b468a92ee504d07ae4f",
                "sha256:bcb3ed405ed3222f9904899563d6fc492ff75cce56cba05e32eff40e6acbeaa3",
                "sha256:d4306c36ca495956b6d568d276ac11fdd9c30a36f1b6eb928070dc5360b22e1c",
                "sha256:d5ee4f386140395a2c818d149221149c54849dfcfcb9f1debfe07a8b8bd63f9a",
                "sha256:dda30ba7e87fbbb7eab1ec9f58678558fd9a6b8b853530e176eabd064da81417",
                "sha256:e04e26803c9c3851c931eac40c695602c6295b8d432cbe78609649ad9bd2da8a",
                "sha256:e1c0b87e09fa55a220f058d1d49d3fb8df88fbfab58558f1198e08c1e1de842a",
                "sha256:e72591e9ecd94d7feb70c1cbd7be7b3ebea3f548870aa91e2732960fa4d57a37",
                "sha256:e8c843bbcda3a2f1e3c2ab25913c80a3c5376cd00c6e8c4a86a89a28c8dc5452",
                "sha256:efc1913fd2ca4f334418481c7e595c00aad186563bbc1ec76067848c7ca0a933",
                "sha256:f121a1420d4e173a5d96e47e9a0c0dcff965afdf1626d28de1460815f7c4ee7a",
                "sha256:fc7b548b17d238737688817ab67deebb30e8073c95749d55538ed473130ec0c7"
            ],
            "markers": "python_version >= '3.7'",
            "version": "==2.1.1"
        },
        "mysql-connector-python": {
            "hashes": [
                "sha256:17f6c352e2d4bc1dad69228c7382fc1b77e335a0ed765f8f4a23b97770c109c7",
                "sha256:291449ab49e347acf1aa002f78ed0561436dd21c61c66fa5b318de6c503affeb",
                "sha256:29702ceeb4d9462c61064c5e8d04eec7af25ac3d8db73c52ea04b9bd2fb655d5",
                "sha256:2e712dd9f2c9f9a16dffa8c0d5908a5a89c6e36533090bde8970ec9cf994d8fe",
                "sha256:4679e4f5af7b422452fa7ab30b61be071207c049bacf7087223eddd46b3861b8",
                "sha256:5517802ed71c4d07cfd7e73d4301d45410cdf4b1982e457b4c6abeaa6cf63fac",
                "sha256:727d5d66c5e7b9cac98b64960213e7d63541db544f39a1edd25b50b5c4226c33",
                "sha256:7622b7a37c7b94568ca62f130eb182f0b6fc8c0637f7909eed32dd726b611820",
                "sha256:8786b014f28690be6a6b2f50579a4fbaa2e01ca1fd9a276592a1224806b012a0",
                "sha256:899cd65c3270b8e32a4507c8e9984417bc189f50481b583335596f62d3048651",
                "sha256:8a855b120c6ae39410942c423767a61df01288f3dc9c38a545e221df392f7da3",
                "sha256:8ee85cd6b99b236a8a27870f0e77ac8f55c4e2cb4015e8f6f3a221d5e8ec059a",
                "sha256:93a4f4589c11c6b93f29b78f161afe53db93e9b4862f4b7fd846c59551fe8585",
                "sha256:9879536b47b61632263e42ad793a39a4d67c48d6b2449fe62da84a7e4a71a998",
                "sha256:9a8acbc96e3eea0605ea31bb6235836c6be62400b5331939c6dea67239e163de",
                "sha256:a01b6e25aadec1a6c76763073081a570b6dd663ac727462b6439aac05ae7afc4",
                "sha256:a4762b325a638f0970cfb88daa560586d440c81b207b0c5b011f1edeac0c7c02",
                "sha256:af326728682ac80d9d8e242aa2667bb0f58fee3842945168ddc5a01880a50d59",
                "sha256:b487375adf2e9772be357c7204a051c71055b9b145fa6ef205421884e8879b15",
                "sha256:bad73f974e7d281f686d2551ddd778154e742d8c6547cf62c9f3e491c928053f",
                "sha256:bddfd9d6937e1c4a83ff30b33746ece63cdab79d02debde751dcf14904b57e72",
                "sha256:cadc3afc6dd1730479456ab0224a87932d3aaa59d1b550b1a514e28fb7c167dc",
                "sha256:ea5902baa08c5f12a5efe1d93bc47f1d1cd2136346567cde05ef5a11669e6fae"
            ],
            "index": "pypi",
            "version": "==8.0.22"
        },
        "numpy": {
            "hashes": [
                "sha256:0172304e7d8d40e9e49553901903dc5f5a49a703363ed756796f5808a06fc233",
                "sha256:34e96e9dae65c4839bd80012023aadd6ee2ccb73ce7fdf3074c62f301e63120b",
                "sha256:3676abe3d621fc467c4c1469ee11e395c82b2d6b5463a9454e37fe9da07cd0d7",
                "sha256:3dd6823d3e04b5f223e3e265b4a1eae15f104f4366edd409e5a5e413a98f911f",
                "sha256:4064f53d4cce69e9ac613256dc2162e56f20a4e2d2086b1956dd2fcf77b7fac5",
                "sha256:4674f7d27a6c1c52a4d1aa5f0881f1eff840d2206989bae6acb1c7668c02ebfb",
                "sha256:7d42ab8cedd175b5ebcb39b5208b25ba104842489ed59fbb29356f671ac93583",
                "sha256:965df25449305092b23d5145b9bdaeb0149b6e41a77a7d728b1644b3c99277c1",
                "sha256:9c9d6531bc1886454f44aa8f809268bc481295cf9740827254f53c30104f074a",
                "sha256:a78e438db8ec26d5d9d0e584b27ef25c7afa5a182d1bf4d05e313d2d6d515271",
                "sha256:a7acefddf994af1aeba05bbbafe4ba983a187079f125146dc5859e6d817df824",
                "sha256:a87f59508c2b7ceb8631c20630118cc546f1f815e034193dc72390db038a5cb3",
                "sha256:ac792b385d81151bae2a5a8adb2b88261ceb4976dbfaaad9ce3a200e036753dc",
                "sha256:b03b2c0badeb606d1232e5f78852c102c0a7989d3a534b3129e7856a52f3d161",
                "sha256:b39321f1a74d1f9183bf1638a745b4fd6fe80efbb1f6b32b932a588b4bc7695f",
                "sha256:cae14a01a159b1ed91a324722d746523ec757357260c6804d11d6147a9e53e3f",
                "sha256:cd49930af1d1e49a812d987c2620ee63965b619257bd76eaaa95870ca08837cf",
                "sha256:e15b382603c58f24265c9c931c9a45eebf44fe2e6b4eaedbb0d025ab3255228b",
                "sha256:e91d31b34fc7c2c8f756b4e902f901f856ae53a93399368d9a0dc7be17ed2ca0",
                "sha256:ef627986941b5edd1ed74ba89ca43196ed197f1a206a3f18cc9faf2fb84fd675",
                "sha256:f718a7949d1c4f622ff548c572e0c03440b49b9531ff00e4ed5738b459f011e8"
            ],
            "index": "pypi",
            "version": "==1.18.5"
        },
        "pandas": {
            "hashes": [
                "sha256:0a643bae4283a37732ddfcecab3f62dd082996021b980f580903f4e8e01b3c5b",
                "sha256:0de3ddb414d30798cbf56e642d82cac30a80223ad6fe484d66c0ce01a84d6f2f",
                "sha256:19a2148a1d02791352e9fa637899a78e371a3516ac6da5c4edc718f60cbae648",
                "sha256:21b5a2b033380adbdd36b3116faaf9a4663e375325831dac1b519a44f9e439bb",
                "sha256:24c7f8d4aee71bfa6401faeba367dd654f696a77151a8a28bc2013f7ced4af98",
                "sha256:26fa92d3ac743a149a31b21d6f4337b0594b6302ea5575b37af9ca9611e8981a",
                "sha256:2860a97cbb25444ffc0088b457da0a79dc79f9c601238a3e0644312fcc14bf11",
                "sha256:2b1c6cd28a0dfda75c7b5957363333f01d370936e4c6276b7b8e696dd500582a",
                "sha256:2c2f7c670ea4e60318e4b7e474d56447cf0c7d83b3c2a5405a0dbb2600b9c48e",
                "sha256:3be7a7a0ca71a2640e81d9276f526bca63505850add10206d0da2e8a0a325dae",
                "sha256:4c62e94d5d49db116bef1bd5c2486723a292d79409fc9abd51adf9e05329101d",
                "sha256:5008374ebb990dad9ed48b0f5d0038124c73748f5384cc8c46904dace27082d9",
                "sha256:5447ea7af4005b0daf695a316a423b96374c9c73ffbd4533209c5ddc369e644b",
                "sha256:573fba5b05bf2c69271a32e52399c8de599e4a15ab7cec47d3b9c904125ab788",
                "sha256:5a780260afc88268a9d3ac3511d8f494fdcf637eece62fb9eb656a63d53eb7ca",
                "sha256:70865f96bb38fec46f7ebd66d4b5cfd0aa6b842073f298d621385ae3898d28b5",
                "sha256:731568be71fba1e13cae212c362f3d2ca8932e83cb1b85e3f1b4dd77d019254a",
                "sha256:b61080750d19a0122469ab59b087380721d6b72a4e7d962e4d7e63e0c4504814",
                "sha256:bf23a3b54d128b50f4f9d4675b3c1857a688cc6731a32f931837d72effb2698d",
                "sha256:c16d59c15d946111d2716856dd5479221c9e4f2f5c7bc2d617f39d870031e086",
                "sha256:c61c043aafb69329d0f961b19faa30b1dab709dd34c9388143fc55680059e55a",
                "sha256:c94ff2780a1fd89f190390130d6d36173ca59fcfb3fe0ff596f9a56518191ccb",
                "sha256:edda9bacc3843dfbeebaf7a701763e68e741b08fccb889c003b0a52f0ee95782",
                "sha256:f10fc41ee3c75a474d3bdf68d396f10782d013d7f67db99c0efbfd0acb99701b"
            ],
            "index": "pypi",
            "version": "==1.1.5"
        },
        "protobuf": {
            "hashes": [
                "sha256:0d4719e724472e296062ba8e82a36d64693fcfdb550d9dff98af70ca79eafe3d",
                "sha256:2b35602cb65d53c168c104469e714bf68670335044c38eee3c899d6a8af03ffc",
                "sha256:32fff501b6df3050936d1839b80ea5899bf34db24792d223d7640611f67de15a",
                "sha256:34400fd76f85bdae9a2e9c1444ea4699c0280962423eff4418765deceebd81b5",
                "sha256:3767c64593a49c7ac0accd08ed39ce42744405f0989d468f0097a17496fdbe84",
                "sha256:3f2ed842e8ca43b790cb4a101bcf577226e0ded98a6a6ba2d5e12095a08dc4da",
                "sha256:52c1e44e25f2949be7ffa7c66acbfea940b0945dd416920231f7cb30ea5ac6db",
                "sha256:5d9b5c8270461706973c3871c6fbdd236b51dfe9dab652f1fb6a36aa88287e47",
                "sha256:72d357cc4d834cc85bd957e8b8e1f4b64c2eac9ca1a942efeb8eb2e723fca852",
                "sha256:79cd8d0a269b714f6b32641f86928c718e8d234466919b3f552bfb069dbb159b",
                "sha256:a4c0c6f2f95a559e59a0258d3e4b186f340cbdc5adec5ce1bc06d01972527c88",
                "sha256:b309fda192850ac4184ca1777aab9655564bc8d10a9cc98f10e1c8bf11295c22",
                "sha256:b3d7d4b4945fe3c001403b6c24442901a5e58c0a3059290f5a63523ed4435f82",
                "sha256:c8829092c5aeb61619161269b2f8a2e36fd7cb26abbd9282d3bc453f02769146"
            ],
            "markers": "python_version >= '3.7'",
            "version": "==4.21.1"
        },
        "pymysql": {
            "hashes": [
                "sha256:3943fbbbc1e902f41daf7f9165519f140c4451c179380677e6a848587042561a",
                "sha256:d8c059dcd81dedb85a9f034d5e22dcb4442c0b201908bede99e306d65ea7c8e7"
            ],
            "index": "pypi",
            "version": "==0.9.3"
        },
        "python-dateutil": {
            "hashes": [
                "sha256:0123cacc1627ae19ddf3c27a5de5bd67ee4586fbdd6440d9748f8abb483d3e86",
                "sha256:961d03dc3453ebbc59dbdea9e4e11c5651520a876d0f4db161e8674aae935da9"
            ],
            "markers": "python_version >= '2.7' and python_version not in '3.0, 3.1, 3.2, 3.3'",
            "version": "==2.8.2"
        },
        "pytz": {
            "hashes": [
                "sha256:1e760e2fe6a8163bc0b3d9a19c4f84342afa0a2affebfaa84b01b978a02ecaa7",
                "sha256:e68985985296d9a66a881eb3193b0906246245294a881e7c8afe623866ac6a5c"
            ],
            "version": "==2022.1"
        },
        "redis": {
            "hashes": [
                "sha256:0dcfb335921b88a850d461dc255ff4708294943322bd55de6cfd68972490ca1f",
                "sha256:b205cffd05ebfd0a468db74f0eedbff8df1a7bfc47521516ade4692991bb0833"
            ],
            "index": "pypi",
            "version": "==3.4.1"
        },
        "six": {
            "hashes": [
                "sha256:1e61c37477a1626458e36f7b1d82aa5c9b094fa4802892072e49de9c60c4c926",
                "sha256:8abb2f1d86890a2dfb989f9a77cfcfd3e47c2a354b01111771326f8aa26e0254"
            ],
            "markers": "python_version >= '2.7' and python_version not in '3.0, 3.1, 3.2, 3.3'",
            "version": "==1.16.0"
        },
        "sqlalchemy": {
            "hashes": [
                "sha256:06ec11a5e6a4b6428167d3ce33b5bd455c020c867dabe3e6951fa98836e0741d",
                "sha256:0e7fd52e48e933771f177c2a1a484b06ea03774fc7741651ebdf19985a34037c",
                "sha256:139c50b9384e6d32a74fc4dcd0e9717f343ed38f95dbacf832c782c68e3862f3",
                "sha256:17417327b87a0f703c9a20180f75e953315207d048159aff51822052f3e33e69",
                "sha256:29a742c29fea12259f1d2a9ee2eb7fe4694a85d904a4ac66d15e01177b17ad7f",
                "sha256:2aac2a685feb9882d09f457f4e5586c885d578af4e97a2b759e91e8c457cbce5",
                "sha256:3197441772dc3b1c6419f13304402f2418a18d7fe78000aa5a026e7100836739",
                "sha256:3688f92c62db6c5df268e2264891078f17ecb91e3141b400f2e28d0f75796dea",
                "sha256:3862a069a24f354145e01a76c7c720c263d62405fe5bed038c46a7ce900f5dd6",
                "sha256:4c1d9fb3931e27d59166bb5c4dcc911400fee51082cfba66ceb19ac954ade068",
                "sha256:4e8706919829d455a9fa687c6bbd1b048e36fec3919a59f2d366247c2bfdbd9c",
                "sha256:50c8eaf44c3fed5ba6758d375de25f163e46137c39fda3a72b9ee1d1bb327dfc",
                "sha256:5e4e517ce72fad35cce364a01aff165f524449e9c959f1837dc71088afa2824c",
                "sha256:6629c79967a6c92e33fad811599adf9bc5cee6e504a1027bbf9cc1b6fb2d276d",
                "sha256:78363f400fbda80f866e8e91d37d36fe6313ff847ded08674e272873c1377ea5",
                "sha256:7a44683cf97744a405103ef8fdd31199e9d7fc41b4a67e9044523b29541662b0",
                "sha256:7e579d6e281cc937bdb59917017ab98e618502067e04efb1d24ac168925e1d2a",
                "sha256:7ee34c85cbda7779d66abac392c306ec78c13f5c73a1f01b8b767916d4895d23",
                "sha256:8b38e088659b30c2ca0af63e5d139fad1779a7925d75075a08717a21c406c0f6",
                "sha256:9785d6f962d2c925aeb06a7539ac9d16608877da6aeaaf341984b3693ae80a02",
                "sha256:a91d0668cada27352432f15b92ac3d43e34d8f30973fa8b86f5e9fddee928f3b",
                "sha256:a940c551cfbd2e1e646ceea2777944425f5c3edff914bc808fe734d9e66f8d71",
                "sha256:aaa0e90e527066409c2ea5676282cf4afb4a40bb9dce0f56c8ec2768bff22a6e",
                "sha256:b4c92823889cf9846b972ee6db30c0e3a92c0ddfc76c6060a6cda467aa5fb694",
                "sha256:b55932fd0e81b43f4aff397c8ad0b3c038f540af37930423ab8f47a20b117e4c",
                "sha256:c37885f83b59e248bebe2b35beabfbea398cb40960cdc6d3a76eac863d4e1938",
                "sha256:caca6acf3f90893d7712ae2c6616ecfeac3581b4cc677c928a330ce6fbad4319",
                "sha256:cffc67cdd07f0e109a1fc83e333972ae423ea5ad414585b63275b66b870ea62b",
                "sha256:d4c3b009c9220ae6e33f17b45f43fb46b9a1d281d76118405af13e26376f2e11",
                "sha256:d58f2d9d1a4b1459e8956a0153a4119da80f54ee5a9ea623cd568e99459a3ef1",
                "sha256:d6927c9e3965b194acf75c8e0fb270b4d54512db171f65faae15ef418721996e",
                "sha256:d9050b0c4a7f5538650c74aaba5c80cd64450e41c206f43ea6d194ae6d060ff9",
                "sha256:eec39a17bab3f69c44c9df4e0ed87c7306f2d2bf1eca3070af644927ec4199fa",
                "sha256:f9940528bf9c4df9e3c3872d23078b6b2da6431c19565637c09f1b88a427a684",
                "sha256:ffe487570f47536b96eff5ef2b84034a8ba4e19aab5ab7647e677d94a119ea55"
            ],
            "markers": "python_version >= '2.7' and python_version not in '3.0, 3.1, 3.2, 3.3, 3.4, 3.5'",
            "version": "==1.4.37"
        },
        "werkzeug": {
            "hashes": [
                "sha256:1ce08e8093ed67d638d63879fd1ba3735817f7a80de3674d293f5984f25fb6e6",
                "sha256:72a4b735692dd3135217911cbeaa1be5fa3f62bffb8745c5215420a03dc55255"
            ],
            "markers": "python_version >= '3.7'",
            "version": "==2.1.2"
        },
        "xxhash": {
            "hashes": [
                "sha256:06d3350a7586cf4938c5941c3744ab7f633204acb3c4c3d96f694fb0ee8d1bcc",
                "sha256:100a97c2ea069f1f03107d1a6894094fa59fb17707bc779e0e127597cac956f9",
                "sha256:1cdd06fa8cd9a0238b6deed08ac21455d45cda7c92665356093f36bec1707a71",
                "sha256:1d6e4f9c1a8db495f256932c21a321388ac351503525503f587304fef24b60ff",
                "sha256:203ba0c2df5bd9a6990dd8521b0d5b03cf7bebac0790cc740c18e61f0aeccc89",
                "sha256:217dfbbebeeb84523577410dbb5ae04b86aadec705f074006a329c039684d4f6",
                "sha256:2e17e1c9970b8cd6cf80eab92dd4b45b482d90b6b7b1d55d7904ff5858952408",
                "sha256:2f7930f70db5bc36415ac13d7b8f4605c50b03f03f13d482b0df110f2a6249e0",
                "sha256:37531a8518683594ba05030065f5e8a0f27d49febfe7cd43ad605317677fd314",
                "sha256:431051a97c72f8b06b62e26a0f11364a67379825eb650850428611120d102c0c",
                "sha256:449f22427435e046430a0f6b72bd87acf6e414205e8038dd6c8bf91466438452",
                "sha256:4afcdfe638f49f82a6f24373f85c811cafff32438fbdaedfd540bf1d44ff5b81",
                "sha256:507cb7dfd4eba033987b812333705b64ba484a0ac1cec3225dfb155935f80f4f",
                "sha256:511e59c0a07c05565ecd10184c9a1fccd1d8be31f37b21b733ab7d049510c825",
                "sha256:54e005dbd92f220362556df74b3f6898d3a04a6ad734dd47f70849cab99d0702",
                "sha256:54eb964b79bd2409872425b3bfd6c42755dd4586cd1fdbb2ffc1075327df9a14",
                "sha256:555c923477a05d560ba1ec81de215c64a22cc2bc4c1d5c9f739523e6f3f3736d",
                "sha256:749967f82721639404f5ef6d985d5a0971e12abc6a8f55bfd4b30bad89020d7e",
                "sha256:7b656261429d752709d5025b3f2099c2ab383e18e7084fb6bd7534259f0b718d",
                "sha256:86838d6fad9ec3719cb292f41d81c7f0115946be17acfc58e9aad252346baa56",
                "sha256:8b6b1afe7731d7d9cbb0398b4a811ebb5e6be5c174f72c68abf81f919a435de9",
                "sha256:8c4c70bf607811a17ecbd91b7cea85b54064c3d950019e4d2d7e3d0ae4d0bef8",
                "sha256:97d11269b08268fde1db033ff1cf1d165e6f9322a38b37a11fc96b5b20a83c5e",
                "sha256:9bbc63663b6ed704b051bfdc9f4ba45c97b38ef42786a41a49f55cdadcbe6085",
                "sha256:9fbd9ae4b51c8b4a49562983e5413e0b757601bafee59ee8c9cdfeb8b9cb07cf",
                "sha256:a10712d0cbf7fff9def2ea194291bfcfc5891be11b2ce243bcbc3a3bc009f8e6",
                "sha256:a98347a9985b27f814cf978400fe2dcecf155f986d60b1752176f964212d0880",
                "sha256:b2acce56c5b9fd8f8b0ac1c4f451c7b883f17c8e9a0e33a9ec5c280d4f7937f8",
                "sha256:bd006bf01fa7f267eab4ede198d828face8ba5457c47271adea1120947c7f0e1",
                "sha256:bf2ffb29906afa4c6b0520b68bf521ad15254e0e409e849250c209a3cac8c23f",
                "sha256:cf4909947d9e9244ad38adec49291ddc8338157fef70df651bc8255168c07767",
                "sha256:d5a2c3922dea3ed2dab17e1748620f0edfa3748bf287f12df5ef997bbf7a0978",
                "sha256:d9cd8c83a0473cd16b91e598fc1497cc6c03430320598c16adf7468eeb146c76",
                "sha256:dad68b19e1a5c51bf72329b3f95e50465fd10f85e87bb104f435511ad0cddbf5",
                "sha256:dd25dc975bda87983c0c4dbc65b0cf4724a0aed6d299485ce42051cbb20b7b0c",
                "sha256:dd38149723aa982d43e09a05a20bd213097faf80245ea9975f84caf3bdb8d3c6",
                "sha256:ddf0c922b832e59bb503ef5962e3aba55e63114d6deb46021c319b626cb4fad1",
                "sha256:e4e2b96fcc14be4477ee1d4d60c86efe70cd3326724de427c6915113e8f4cda3",
                "sha256:e8084f19e7e9cbb91ae8f8b9cd1a2a237cabeae7287e8996573527dec9d34089",
                "sha256:f09f8c90494870b60df554196c3ff8531dfcf74ab1a69e7946079e8e73ab0881"
            ],
            "index": "pypi",
            "version": "==1.4.3"
        }
    },
    "develop": {}
}
